
Microsoft Visual Studio Solution File, Format Version 12.00
# Visual Studio Version 17
VisualStudioVersion = 17.0.32112.339
MinimumVisualStudioVersion = 10.0.40219.1
Project("{2150E333-8FDC-42A3-9474-1A3956D46DE8}") = "src", "src", "{390F44DD-BC60-49D2-82E7-1BAEE0C6E178}"
	ProjectSection(SolutionItems) = preProject
		src\Build.Directory.props = src\Build.Directory.props
	EndProjectSection
EndProject
Project("{2150E333-8FDC-42A3-9474-1A3956D46DE8}") = "Solution Items", "Solution Items", "{939A53BB-0E6E-4489-AC1D-4190E9F11ADE}"
	ProjectSection(SolutionItems) = preProject
		.gitignore = .gitignore
		LICENSE = LICENSE
		README.md = README.md
	EndProjectSection
EndProject
Project("{9A19103F-16F7-4668-BE54-9A1E7A4F7556}") = "Drexel.Operations", "src\Drexel.Operations\Drexel.Operations.csproj", "{C39B0A85-726E-4040-891B-600681F0AD89}"
EndProject
Project("{9A19103F-16F7-4668-BE54-9A1E7A4F7556}") = "Drexel.Operations.Generated", "src\Drexel.Operations.Generated\Drexel.Operations.Generated.csproj", "{E179AE14-5E91-4E98-843E-D9E3DC43A145}"
EndProject
Project("{2150E333-8FDC-42A3-9474-1A3956D46DE8}") = "test", "test", "{385CA775-3FE9-4CFB-A559-540035F23BE2}"
EndProject
Project("{FAE04EC0-301F-11D3-BF4B-00C04F79EFBC}") = "Drexel.Operations.Tests", "test\Drexel.Operations.Tests\Drexel.Operations.Tests.csproj", "{BE1074B3-DA97-417B-9FBB-1604C895C8A4}"
EndProject
Global
	GlobalSection(SolutionConfigurationPlatforms) = preSolution
		Debug|Any CPU = Debug|Any CPU
		Release|Any CPU = Release|Any CPU
	EndGlobalSection
	GlobalSection(ProjectConfigurationPlatforms) = postSolution
		{C39B0A85-726E-4040-891B-600681F0AD89}.Debug|Any CPU.ActiveCfg = Debug|Any CPU
		{C39B0A85-726E-4040-891B-600681F0AD89}.Debug|Any CPU.Build.0 = Debug|Any CPU
		{C39B0A85-726E-4040-891B-600681F0AD89}.Release|Any CPU.ActiveCfg = Release|Any CPU
		{C39B0A85-726E-4040-891B-600681F0AD89}.Release|Any CPU.Build.0 = Release|Any CPU
		{E179AE14-5E91-4E98-843E-D9E3DC43A145}.Debug|Any CPU.ActiveCfg = Debug|Any CPU
		{E179AE14-5E91-4E98-843E-D9E3DC43A145}.Debug|Any CPU.Build.0 = Debug|Any CPU
		{E179AE14-5E91-4E98-843E-D9E3DC43A145}.Release|Any CPU.ActiveCfg = Release|Any CPU
		{E179AE14-5E91-4E98-843E-D9E3DC43A145}.Release|Any CPU.Build.0 = Release|Any CPU
		{BE1074B3-DA97-417B-9FBB-1604C895C8A4}.Debug|Any CPU.ActiveCfg = Debug|Any CPU
		{BE1074B3-DA97-417B-9FBB-1604C895C8A4}.Debug|Any CPU.Build.0 = Debug|Any CPU
		{BE1074B3-DA97-417B-9FBB-1604C895C8A4}.Release|Any CPU.ActiveCfg = Release|Any CPU
		{BE1074B3-DA97-417B-9FBB-1604C895C8A4}.Release|Any CPU.Build.0 = Release|Any CPU
	EndGlobalSection
	GlobalSection(SolutionProperties) = preSolution
		HideSolutionNode = FALSE
	EndGlobalSection
	GlobalSection(NestedProjects) = preSolution
		{C39B0A85-726E-4040-891B-600681F0AD89} = {390F44DD-BC60-49D2-82E7-1BAEE0C6E178}
		{E179AE14-5E91-4E98-843E-D9E3DC43A145} = {390F44DD-BC60-49D2-82E7-1BAEE0C6E178}
		{BE1074B3-DA97-417B-9FBB-1604C895C8A4} = {385CA775-3FE9-4CFB-A559-540035F23BE2}
	EndGlobalSection
	GlobalSection(ExtensibilityGlobals) = postSolution
		SolutionGuid = {B801BD2E-9661-4C97-885A-7E4F4E7FA8F1}
	EndGlobalSection
EndGlobal
